{
  "lockfileVersion": 1,
  "configVersion": 1,
  "workspaces": {
    "": {
      "name": "youtube-hide-watched",
      "devDependencies": {
        "@biomejs/biome": "2.3.12",
        "lefthook": "2.0.15",
        "prettier-package-json": "2.8.0",
      },
    },
  },
  "packages": {
    "@babel/code-frame": ["@babel/code-frame@7.27.1", "", { "dependencies": { "@babel/helper-validator-identifier": "^7.27.1", "js-tokens": "^4.0.0", "picocolors": "^1.1.1" } }, "sha512-cjQ7ZlQ0Mv3b47hABuTevyTuYN4i+loJKGeV9flcCgIK37cCXRh+L1bd3iBHlynerhQ7BhCkn2BPbQUL+rGqFg=="],

    "@babel/helper-validator-identifier": ["@babel/helper-validator-identifier@7.28.5", "", {}, "sha512-qSs4ifwzKJSV39ucNjsvc6WVHs6b7S03sOh2OcHF9UHfVPqWWALUsNUVzhSBiItjRZoLHx7nIarVjqKVusUZ1Q=="],

    "@biomejs/biome": ["@biomejs/biome@2.3.12", "", { "optionalDependencies": { "@biomejs/cli-darwin-arm64": "2.3.12", "@biomejs/cli-darwin-x64": "2.3.12", "@biomejs/cli-linux-arm64": "2.3.12", "@biomejs/cli-linux-arm64-musl": "2.3.12", "@biomejs/cli-linux-x64": "2.3.12", "@biomejs/cli-linux-x64-musl": "2.3.12", "@biomejs/cli-win32-arm64": "2.3.12", "@biomejs/cli-win32-x64": "2.3.12" }, "bin": { "biome": "bin/biome" } }, "sha512-AR7h4aSlAvXj7TAajW/V12BOw2EiS0AqZWV5dGozf4nlLoUF/ifvD0+YgKSskT0ylA6dY1A8AwgP8kZ6yaCQnA=="],

    "@biomejs/cli-darwin-arm64": ["@biomejs/cli-darwin-arm64@2.3.12", "", { "os": "darwin", "cpu": "arm64" }, "sha512-cO6fn+KiMBemva6EARDLQBxeyvLzgidaFRJi8G7OeRqz54kWK0E+uSjgFaiHlc3DZYoa0+1UFE8mDxozpc9ieg=="],

    "@biomejs/cli-darwin-x64": ["@biomejs/cli-darwin-x64@2.3.12", "", { "os": "darwin", "cpu": "x64" }, "sha512-/fiF/qmudKwSdvmSrSe/gOTkW77mHHkH8Iy7YC2rmpLuk27kbaUOPa7kPiH5l+3lJzTUfU/t6x1OuIq/7SGtxg=="],

    "@biomejs/cli-linux-arm64": ["@biomejs/cli-linux-arm64@2.3.12", "", { "os": "linux", "cpu": "arm64" }, "sha512-nbOsuQROa3DLla5vvsTZg+T5WVPGi9/vYxETm9BOuLHBJN3oWQIg3MIkE2OfL18df1ZtNkqXkH6Yg9mdTPem7A=="],

    "@biomejs/cli-linux-arm64-musl": ["@biomejs/cli-linux-arm64-musl@2.3.12", "", { "os": "linux", "cpu": "arm64" }, "sha512-aqkeSf7IH+wkzFpKeDVPSXy9uDjxtLpYA6yzkYsY+tVjwFFirSuajHDI3ul8en90XNs1NA0n8kgBrjwRi5JeyA=="],

    "@biomejs/cli-linux-x64": ["@biomejs/cli-linux-x64@2.3.12", "", { "os": "linux", "cpu": "x64" }, "sha512-CQtqrJ+qEEI8tgRSTjjzk6wJAwfH3wQlkIGsM5dlecfRZaoT+XCms/mf7G4kWNexrke6mnkRzNy6w8ebV177ow=="],

    "@biomejs/cli-linux-x64-musl": ["@biomejs/cli-linux-x64-musl@2.3.12", "", { "os": "linux", "cpu": "x64" }, "sha512-kVGWtupRRsOjvw47YFkk5mLiAdpCPMWBo1jOwAzh+juDpUb2sWarIp+iq+CPL1Wt0LLZnYtP7hH5kD6fskcxmg=="],

    "@biomejs/cli-win32-arm64": ["@biomejs/cli-win32-arm64@2.3.12", "", { "os": "win32", "cpu": "arm64" }, "sha512-Re4I7UnOoyE4kHMqpgtG6UvSBGBbbtvsOvBROgCCoH7EgANN6plSQhvo2W7OCITvTp7gD6oZOyZy72lUdXjqZg=="],

    "@biomejs/cli-win32-x64": ["@biomejs/cli-win32-x64@2.3.12", "", { "os": "win32", "cpu": "x64" }, "sha512-qqGVWqNNek0KikwPZlOIoxtXgsNGsX+rgdEzgw82Re8nF02W+E2WokaQhpF5TdBh/D/RQ3TLppH+otp6ztN0lw=="],

    "@types/parse-author": ["@types/parse-author@2.0.3", "", {}, "sha512-pgRW2K/GVQoogylrGJXDl7PBLW9A6T4OOc9Hy9MLT5f7vgufK2GQ8FcfAbjFHR5HjcN9ByzuCczAORk49REqoA=="],

    "@types/parse-json": ["@types/parse-json@4.0.2", "", {}, "sha512-dISoDXWWQwUquiKsyZ4Ng+HX2KsPL7LyHKHQwgGFEA3IaKac4Obd+h2a/a6waisAoepJlBcx9paWqjA8/HVjCw=="],

    "author-regex": ["author-regex@1.0.0", "", {}, "sha512-KbWgR8wOYRAPekEmMXrYYdc7BRyhn2Ftk7KWfMUnQ43hFdojWEFRxhhRUm3/OFEdPa1r0KAvTTg9YQK57xTe0g=="],

    "balanced-match": ["balanced-match@1.0.2", "", {}, "sha512-3oSeUO0TMV67hN1AmbXsK4yaqU7tjiHlbxRDZOpH0KW9+CeX4bRAaX0Anxt0tx2MrpRpWwQaPwIlISEJhYU5Pw=="],

    "brace-expansion": ["brace-expansion@1.1.12", "", { "dependencies": { "balanced-match": "^1.0.0", "concat-map": "0.0.1" } }, "sha512-9T9UjW3r0UW5c1Q7GTwllptXwhvYmEzFhzMfZ9H7FQWt+uZePjZPjBP/W1ZEyZ1twGWom5/56TF4lPcqjnDHcg=="],

    "callsites": ["callsites@3.1.0", "", {}, "sha512-P8BjAsXvZS+VIDUI11hHCQEv74YT67YUi5JJFNWIqL235sBmjX4+qx9Muvls5ivyNENctx46xQLQ3aTuE7ssaQ=="],

    "commander": ["commander@4.1.1", "", {}, "sha512-NOKm8xhkzAjzFx8B2v5OAHT+u5pRQc2UCa2Vq9jYL/31o2wi9mxBA7LIFs3sV5VSC49z6pEhfbMULvShKj26WA=="],

    "concat-map": ["concat-map@0.0.1", "", {}, "sha512-/Srv4dswyQNBfohGpz9o6Yb3Gz3SrUDqBH5rTuhGR7ahtlbYKnVxw2bCFMRljaA7EXHaXZ8wsHdodFvbkhKmqg=="],

    "cosmiconfig": ["cosmiconfig@7.1.0", "", { "dependencies": { "@types/parse-json": "^4.0.0", "import-fresh": "^3.2.1", "parse-json": "^5.0.0", "path-type": "^4.0.0", "yaml": "^1.10.0" } }, "sha512-AdmX6xUzdNASswsFtmwSt7Vj8po9IuqXm0UXz7QKPuEUmPB4XyjGfaAr2PSuELMwkRMVH1EpIkX5bTZGRB3eCA=="],

    "error-ex": ["error-ex@1.3.4", "", { "dependencies": { "is-arrayish": "^0.2.1" } }, "sha512-sqQamAnR14VgCr1A618A3sGrygcpK+HEbenA/HiEAkkUwcZIIB/tgWqHFxWgOyDh4nB4JCRimh79dR5Ywc9MDQ=="],

    "fs-extra": ["fs-extra@10.1.0", "", { "dependencies": { "graceful-fs": "^4.2.0", "jsonfile": "^6.0.1", "universalify": "^2.0.0" } }, "sha512-oRXApq54ETRj4eMiFzGnHWGy+zo5raudjuxN0b8H7s/RU2oW0Wvsx9O0ACRN/kRq9E8Vu/ReskGB5o3ji+FzHQ=="],

    "fs.realpath": ["fs.realpath@1.0.0", "", {}, "sha512-OO0pH2lK6a0hZnAdau5ItzHPI6pUlvI7jMVnxUQRtw4owF2wk8lOSabtGDCTP4Ggrg2MbGnWO9X8K1t4+fGMDw=="],

    "glob": ["glob@7.2.3", "", { "dependencies": { "fs.realpath": "^1.0.0", "inflight": "^1.0.4", "inherits": "2", "minimatch": "^3.1.1", "once": "^1.3.0", "path-is-absolute": "^1.0.0" } }, "sha512-nFR0zLpU2YCaRxwoCJvL6UvCH2JFyFVIvwTLsIf21AuHlMskA1hhTdk+LlYJtOlYt9v6dvszD2BGRqBL+iQK9Q=="],

    "graceful-fs": ["graceful-fs@4.2.11", "", {}, "sha512-RbJ5/jmFcNNCcDV5o9eTnBLJ/HszWV0P73bc+Ff4nS/rJj+YaS6IGyiOL0VoBYX+l1Wrl3k63h/KrH+nhJ0XvQ=="],

    "import-fresh": ["import-fresh@3.3.1", "", { "dependencies": { "parent-module": "^1.0.0", "resolve-from": "^4.0.0" } }, "sha512-TR3KfrTZTYLPB6jUjfx6MF9WcWrHL9su5TObK4ZkYgBdWKPOFoSoQIdEuTuR82pmtxH2spWG9h6etwfr1pLBqQ=="],

    "inflight": ["inflight@1.0.6", "", { "dependencies": { "once": "^1.3.0", "wrappy": "1" } }, "sha512-k92I/b08q4wvFscXCLvqfsHCrjrF7yiXsQuIVvVE7N82W3+aqpzuUdBbfhWcy/FZR3/4IgflMgKLOsvPDrGCJA=="],

    "inherits": ["inherits@2.0.4", "", {}, "sha512-k/vGaX4/Yla3WzyMCvTQOXYeIHvqOKtnqBduzTHpzpQZzAskKMhZ2K+EnBiSM9zGSoIFeMpXKxa4dYeZIQqewQ=="],

    "is-arrayish": ["is-arrayish@0.2.1", "", {}, "sha512-zz06S8t0ozoDXMG+ube26zeCTNXcKIPJZJi8hBrF4idCLms4CG9QtK7qBl1boi5ODzFpjswb5JPmHCbMpjaYzg=="],

    "js-tokens": ["js-tokens@4.0.0", "", {}, "sha512-RdJUflcE3cUzKiMqQgsCu06FPu9UdIJO0beYbPhHN4k6apgJtifcoCtT9bcxOpYBtpD2kCM6Sbzg4CausW/PKQ=="],

    "json-parse-even-better-errors": ["json-parse-even-better-errors@2.3.1", "", {}, "sha512-xyFwyhro/JEof6Ghe2iz2NcXoj2sloNsWr/XsERDK/oiPCfaNhl5ONfp+jQdAZRQQ0IJWNzH9zIZF7li91kh2w=="],

    "jsonfile": ["jsonfile@6.2.0", "", { "dependencies": { "universalify": "^2.0.0" }, "optionalDependencies": { "graceful-fs": "^4.1.6" } }, "sha512-FGuPw30AdOIUTRMC2OMRtQV+jkVj2cfPqSeWXv1NEAJ1qZ5zb1X6z1mFhbfOB/iy3ssJCD+3KuZ8r8C3uVFlAg=="],

    "lefthook": ["lefthook@2.0.15", "", { "optionalDependencies": { "lefthook-darwin-arm64": "2.0.15", "lefthook-darwin-x64": "2.0.15", "lefthook-freebsd-arm64": "2.0.15", "lefthook-freebsd-x64": "2.0.15", "lefthook-linux-arm64": "2.0.15", "lefthook-linux-x64": "2.0.15", "lefthook-openbsd-arm64": "2.0.15", "lefthook-openbsd-x64": "2.0.15", "lefthook-windows-arm64": "2.0.15", "lefthook-windows-x64": "2.0.15" }, "bin": { "lefthook": "bin/index.js" } }, "sha512-sl5rePO6UUOLKp6Ci+MMKOc86zicBaPUCvSw2Cq4gCAgTmxpxhIjhz7LOu2ObYerVRPpTq3gvzPTjI71UotjnA=="],

    "lefthook-darwin-arm64": ["lefthook-darwin-arm64@2.0.15", "", { "os": "darwin", "cpu": "arm64" }, "sha512-ygAqG/NzOgY9bEiqeQtiOmCRTtp9AmOd3eyrpEaSrRB9V9f3RHRgWDrWbde9BiHSsCzcbeY9/X2NuKZ69eUsNA=="],

    "lefthook-darwin-x64": ["lefthook-darwin-x64@2.0.15", "", { "os": "darwin", "cpu": "x64" }, "sha512-3wA30CzdSL5MFKD6dk7v8BMq7ScWQivpLbmIn3Pv67AaBavN57N/hcdGqOFnDDFI5WazVwDY7UqDfMIk5HZjEA=="],

    "lefthook-freebsd-arm64": ["lefthook-freebsd-arm64@2.0.15", "", { "os": "freebsd", "cpu": "arm64" }, "sha512-FbYBBLVbX8BjdO+icN1t/pC3TOW3FAvTKv/zggBKNihv6jHNn/3s/0j2xIS0k0Pw9oOE7MVmEni3qp2j5vqHrQ=="],

    "lefthook-freebsd-x64": ["lefthook-freebsd-x64@2.0.15", "", { "os": "freebsd", "cpu": "x64" }, "sha512-udHMjh1E8TfC0Z7Y249XZMATJOyj1Jxlj9JoEinkoBvAsePFKDEQg5teuXuTGhjsHYpqVekfSvLNNfHKUUbbjw=="],

    "lefthook-linux-arm64": ["lefthook-linux-arm64@2.0.15", "", { "os": "linux", "cpu": "arm64" }, "sha512-1HAPmdYhfcOlubv63sTnWtW2rFuC+kT1MvC3JvdrS5V6zrOImbBSnYZMJX/Dd3w4pm0x2ZJb9T+uef8a0jUQkg=="],

    "lefthook-linux-x64": ["lefthook-linux-x64@2.0.15", "", { "os": "linux", "cpu": "x64" }, "sha512-Pho87mlNFH47zc4fPKzQSp8q9sWfIFW/KMMZfx/HZNmX25aUUTOqMyRwaXxtdAo/hNJ9FX4JeuZWq9Y3iyM5VA=="],

    "lefthook-openbsd-arm64": ["lefthook-openbsd-arm64@2.0.15", "", { "os": "openbsd", "cpu": "arm64" }, "sha512-pet03Edlj1QeFUgxcIK1xu8CeZA+ejYplvPgdfe//69+vQFGSDaEx3H2mVx8RqzWfmMbijM2/WfkZXR2EVw3bw=="],

    "lefthook-openbsd-x64": ["lefthook-openbsd-x64@2.0.15", "", { "os": "openbsd", "cpu": "x64" }, "sha512-i+a364CcSAeIO5wQzLMHsthHt/v6n3XwhKmRq/VBzPOUv9KutNeF55yCE/6lvuvzwxpdEfBjh6cXPERC0yp98w=="],

    "lefthook-windows-arm64": ["lefthook-windows-arm64@2.0.15", "", { "os": "win32", "cpu": "arm64" }, "sha512-69u5GdVOT4QIxc2TK5ce0cTXLzwB55Pk9ZnnJNFf1XsyZTGcg9bUWYYTyD12CIIXbVTa0RVXIIrbU9UgP8O1AQ=="],

    "lefthook-windows-x64": ["lefthook-windows-x64@2.0.15", "", { "os": "win32", "cpu": "x64" }, "sha512-/zYEndCUgj8XK+4wvLYLRk3AcfKU6zWf2GHx+tcZ4K2bLaQdej4m+OqmQsVpUlF8N2tN9hfwlj1D50uz75LUuQ=="],

    "lines-and-columns": ["lines-and-columns@1.2.4", "", {}, "sha512-7ylylesZQ/PV29jhEDl3Ufjo6ZX7gCqJr5F7PKrqc93v7fzSymt1BpwEU8nAUXs8qzzvqhbjhK5QZg6Mt/HkBg=="],

    "minimatch": ["minimatch@3.1.2", "", { "dependencies": { "brace-expansion": "^1.1.7" } }, "sha512-J7p63hRiAjw1NDEww1W7i37+ByIrOWO5XQQAzZ3VOcL0PNybwpfmV/N05zFAzwQ9USyEcX6t3UO+K5aqBQOIHw=="],

    "once": ["once@1.4.0", "", { "dependencies": { "wrappy": "1" } }, "sha512-lNaJgI+2Q5URQBkccEKHTQOPaXdUxnZZElQTZY0MFUAuaEqe1E+Nyvgdz/aIyNi6Z9MzO5dv1H8n58/GELp3+w=="],

    "parent-module": ["parent-module@1.0.1", "", { "dependencies": { "callsites": "^3.0.0" } }, "sha512-GQ2EWRpQV8/o+Aw8YqtfZZPfNRWZYkbidE9k5rpl/hC3vtHHBfGm2Ifi6qWV+coDGkrUKZAxE3Lot5kcsRlh+g=="],

    "parse-author": ["parse-author@2.0.0", "", { "dependencies": { "author-regex": "^1.0.0" } }, "sha512-yx5DfvkN8JsHL2xk2Os9oTia467qnvRgey4ahSm2X8epehBLx/gWLcy5KI+Y36ful5DzGbCS6RazqZGgy1gHNw=="],

    "parse-json": ["parse-json@5.2.0", "", { "dependencies": { "@babel/code-frame": "^7.0.0", "error-ex": "^1.3.1", "json-parse-even-better-errors": "^2.3.0", "lines-and-columns": "^1.1.6" } }, "sha512-ayCKvm/phCGxOkYRSCM82iDwct8/EonSEgCSxWxD7ve6jHggsFl4fZVQBPRNgQoKiuV/odhFrGzQXZwbifC8Rg=="],

    "path-is-absolute": ["path-is-absolute@1.0.1", "", {}, "sha512-AVbw3UJ2e9bq64vSaS9Am0fje1Pa8pbGqTTsmXfaIiMpnr5DlDhfJOuLj9Sf95ZPVDAUerDfEk88MPmPe7UCQg=="],

    "path-type": ["path-type@4.0.0", "", {}, "sha512-gDKb8aZMDeD/tZWs9P6+q0J9Mwkdl6xMV8TjnGP3qJVJ06bdMgkbBlLU8IdfOsIsFz2BW1rNVT3XuNEl8zPAvw=="],

    "picocolors": ["picocolors@1.1.1", "", {}, "sha512-xceH2snhtb5M9liqDsmEw56le376mTZkEX/jEb/RxNFyegNul7eNslCXP9FDj/Lcu0X8KEyMceP2ntpaHrDEVA=="],

    "prettier-package-json": ["prettier-package-json@2.8.0", "", { "dependencies": { "@types/parse-author": "^2.0.0", "commander": "^4.0.1", "cosmiconfig": "^7.0.0", "fs-extra": "^10.0.0", "glob": "^7.1.6", "minimatch": "^3.0.4", "parse-author": "^2.0.0", "sort-object-keys": "^1.1.3", "sort-order": "^1.0.1" }, "bin": { "prettier-package-json": "bin/prettier-package-json" } }, "sha512-WxtodH/wWavfw3MR7yK/GrS4pASEQ+iSTkdtSxPJWvqzG55ir5nvbLt9rw5AOiEcqqPCRM92WCtR1rk3TG3JSQ=="],

    "resolve-from": ["resolve-from@4.0.0", "", {}, "sha512-pb/MYmXstAkysRFx8piNI1tGFNQIFA3vkE3Gq4EuA1dF6gHp/+vgZqsCGJapvy8N3Q+4o7FwvquPJcnZ7RYy4g=="],

    "sort-object-keys": ["sort-object-keys@1.1.3", "", {}, "sha512-855pvK+VkU7PaKYPc+Jjnmt4EzejQHyhhF33q31qG8x7maDzkeFhAAThdCYay11CISO+qAMwjOBP+fPZe0IPyg=="],

    "sort-order": ["sort-order@1.1.2", "", {}, "sha512-Q8tOrwB1TSv9fNUXym9st3TZJODtmcOIi2JWCkVNQPrRg17KPwlpwweTEb7pMwUIFMTAgx2/JsQQXEPFzYQj3A=="],

    "universalify": ["universalify@2.0.1", "", {}, "sha512-gptHNQghINnc/vTGIk0SOFGFNXw7JVrlRUtConJRlvaw6DuX0wO5Jeko9sWrMBhh+PsYAZ7oXAiOnf/UKogyiw=="],

    "wrappy": ["wrappy@1.0.2", "", {}, "sha512-l4Sp/DRseor9wL6EvV2+TuQn63dMkPjZ/sp9XkghTEbV9KlPS1xUsZ3u7/IQO4wxtcFB4bgpQPRcR3QCvezPcQ=="],

    "yaml": ["yaml@1.10.2", "", {}, "sha512-r3vXyErRCYJ7wg28yvBY5VSoAF8ZvlcW9/BwUzEtUsjvX/DKs24dIkuwjtuprwJJHsbyUbLApepYTR1BN4uHrg=="],
  }
}
